{"packages": [{"name": "HVAC System Cooling Efficiency"}, {"name": "Ducts"}, {"name": "Has Ducts", "require": {"Ducts": 1}}, {"name": "Heating Fuel", "require": {"HVAC System Shared Efficiencies": 1, "HVAC Heating Natural Gas": 1, "HVAC System Heating Type": 1, "HVAC System Misc Fuels": 1, "Secondary Heating": 1, "HVAC Heating Electricity": 1}}, {"name": "HVAC Heating Natural Gas"}, {"name": "HVAC System Heating Type", "require": {"Has Ducts": 1, "HVAC Heating Natural Gas": 1, "HVAC System Cooling Type": 1, "Has Shared System": 1, "HVAC System Misc Fuels": 1, "HVAC Heating Electricity": 1}}, {"name": "HVAC System Cooling Type", "require": {"HVAC System Cooling Efficiency": 1, "Has Ducts": 1, "Has Shared System": 1}}, {"name": "Has Shared System", "require": {"HVAC System Shared Efficiencies": 1}}, {"name": "HVAC System Misc Fuels"}, {"name": "Secondary Heating"}, {"name": "Geometry Building Type RECS", "require": {"Ducts": 1}}, {"name": "HVAC Heating Electricity"}]}